
Microsoft Visual Studio Solution File, Format Version 12.00
# Visual Studio Version 17
VisualStudioVersion = 17.12.35506.116
MinimumVisualStudioVersion = 10.0.40219.1
Project("{8BC9CEB8-8B4A-11D0-8D11-00A0C91BC942}") = "Igonin_LB1", "Igonin_LB1\Igonin_LB1.vcxproj", "{3A3271B7-1678-45FC-9E72-16338BF4F7A7}"
EndProject
Project("{FAE04EC0-301F-11D3-BF4B-00C04F79EFBC}") = "Igonin_Form", "Igonin_Form\Igonin_Form.csproj", "{DBF9C80A-88B9-44B4-BB2B-42D543C9A836}"
EndProject
Project("{8BC9CEB8-8B4A-11D0-8D11-00A0C91BC942}") = "Igonin_MMF_DLL", "Igonin_MMF_DLL\Igonin_MMF_DLL.vcxproj", "{60B00274-FEDD-4F23-8F04-FB643E9D7876}"
EndProject
Global
	GlobalSection(SolutionConfigurationPlatforms) = preSolution
		Debug|Any CPU = Debug|Any CPU
		Debug|x64 = Debug|x64
		Debug|x86 = Debug|x86
		Release|Any CPU = Release|Any CPU
		Release|x64 = Release|x64
		Release|x86 = Release|x86
	EndGlobalSection
	GlobalSection(ProjectConfigurationPlatforms) = postSolution
		{3A3271B7-1678-45FC-9E72-16338BF4F7A7}.Debug|Any CPU.ActiveCfg = Debug|x64
		{3A3271B7-1678-45FC-9E72-16338BF4F7A7}.Debug|Any CPU.Build.0 = Debug|x64
		{3A3271B7-1678-45FC-9E72-16338BF4F7A7}.Debug|x64.ActiveCfg = Debug|x64
		{3A3271B7-1678-45FC-9E72-16338BF4F7A7}.Debug|x64.Build.0 = Debug|x64
		{3A3271B7-1678-45FC-9E72-16338BF4F7A7}.Debug|x86.ActiveCfg = Debug|Win32
		{3A3271B7-1678-45FC-9E72-16338BF4F7A7}.Debug|x86.Build.0 = Debug|Win32
		{3A3271B7-1678-45FC-9E72-16338BF4F7A7}.Release|Any CPU.ActiveCfg = Release|x64
		{3A3271B7-1678-45FC-9E72-16338BF4F7A7}.Release|Any CPU.Build.0 = Release|x64
		{3A3271B7-1678-45FC-9E72-16338BF4F7A7}.Release|x64.ActiveCfg = Release|x64
		{3A3271B7-1678-45FC-9E72-16338BF4F7A7}.Release|x64.Build.0 = Release|x64
		{3A3271B7-1678-45FC-9E72-16338BF4F7A7}.Release|x86.ActiveCfg = Release|Win32
		{3A3271B7-1678-45FC-9E72-16338BF4F7A7}.Release|x86.Build.0 = Release|Win32
		{DBF9C80A-88B9-44B4-BB2B-42D543C9A836}.Debug|Any CPU.ActiveCfg = Debug|Any CPU
		{DBF9C80A-88B9-44B4-BB2B-42D543C9A836}.Debug|Any CPU.Build.0 = Debug|Any CPU
		{DBF9C80A-88B9-44B4-BB2B-42D543C9A836}.Debug|x64.ActiveCfg = Debug|Any CPU
		{DBF9C80A-88B9-44B4-BB2B-42D543C9A836}.Debug|x64.Build.0 = Debug|Any CPU
		{DBF9C80A-88B9-44B4-BB2B-42D543C9A836}.Debug|x86.ActiveCfg = Debug|Any CPU
		{DBF9C80A-88B9-44B4-BB2B-42D543C9A836}.Debug|x86.Build.0 = Debug|Any CPU
		{DBF9C80A-88B9-44B4-BB2B-42D543C9A836}.Release|Any CPU.ActiveCfg = Release|Any CPU
		{DBF9C80A-88B9-44B4-BB2B-42D543C9A836}.Release|Any CPU.Build.0 = Release|Any CPU
		{DBF9C80A-88B9-44B4-BB2B-42D543C9A836}.Release|x64.ActiveCfg = Release|Any CPU
		{DBF9C80A-88B9-44B4-BB2B-42D543C9A836}.Release|x64.Build.0 = Release|Any CPU
		{DBF9C80A-88B9-44B4-BB2B-42D543C9A836}.Release|x86.ActiveCfg = Release|Any CPU
		{DBF9C80A-88B9-44B4-BB2B-42D543C9A836}.Release|x86.Build.0 = Release|Any CPU
		{60B00274-FEDD-4F23-8F04-FB643E9D7876}.Debug|Any CPU.ActiveCfg = Debug|x64
		{60B00274-FEDD-4F23-8F04-FB643E9D7876}.Debug|Any CPU.Build.0 = Debug|x64
		{60B00274-FEDD-4F23-8F04-FB643E9D7876}.Debug|x64.ActiveCfg = Debug|x64
		{60B00274-FEDD-4F23-8F04-FB643E9D7876}.Debug|x64.Build.0 = Debug|x64
		{60B00274-FEDD-4F23-8F04-FB643E9D7876}.Debug|x86.ActiveCfg = Debug|Win32
		{60B00274-FEDD-4F23-8F04-FB643E9D7876}.Debug|x86.Build.0 = Debug|Win32
		{60B00274-FEDD-4F23-8F04-FB643E9D7876}.Release|Any CPU.ActiveCfg = Release|x64
		{60B00274-FEDD-4F23-8F04-FB643E9D7876}.Release|Any CPU.Build.0 = Release|x64
		{60B00274-FEDD-4F23-8F04-FB643E9D7876}.Release|x64.ActiveCfg = Release|x64
		{60B00274-FEDD-4F23-8F04-FB643E9D7876}.Release|x64.Build.0 = Release|x64
		{60B00274-FEDD-4F23-8F04-FB643E9D7876}.Release|x86.ActiveCfg = Release|Win32
		{60B00274-FEDD-4F23-8F04-FB643E9D7876}.Release|x86.Build.0 = Release|Win32
	EndGlobalSection
	GlobalSection(SolutionProperties) = preSolution
		HideSolutionNode = FALSE
	EndGlobalSection
EndGlobal
